
Microsoft Visual Studio Solution File, Format Version 12.00
# Visual Studio 15
VisualStudioVersion = 15.0.26430.6
MinimumVisualStudioVersion = 10.0.40219.1
Project("{FAE04EC0-301F-11D3-BF4B-00C04F79EFBC}") = "Himal", "Himal\Himal.csproj", "{BF51B2EE-6AD5-427A-A703-28047BE10C14}"
EndProject
Project("{FAE04EC0-301F-11D3-BF4B-00C04F79EFBC}") = "DataAccessLayer", "DataAccessLayer\DataAccessLayer.csproj", "{39730973-DF0E-45E8-8CC5-7D90EC636A26}"
EndProject
Project("{FAE04EC0-301F-11D3-BF4B-00C04F79EFBC}") = "BusinessAccessLayer", "BusinessAccessLayer\BusinessAccessLayer.csproj", "{CA65DCE7-D7CA-4FCA-97B3-3E971FB30DBC}"
EndProject
Global
	GlobalSection(SolutionConfigurationPlatforms) = preSolution
		Debug|Any CPU = Debug|Any CPU
		Release|Any CPU = Release|Any CPU
	EndGlobalSection
	GlobalSection(ProjectConfigurationPlatforms) = postSolution
		{BF51B2EE-6AD5-427A-A703-28047BE10C14}.Debug|Any CPU.ActiveCfg = Debug|Any CPU
		{BF51B2EE-6AD5-427A-A703-28047BE10C14}.Debug|Any CPU.Build.0 = Debug|Any CPU
		{BF51B2EE-6AD5-427A-A703-28047BE10C14}.Release|Any CPU.ActiveCfg = Release|Any CPU
		{BF51B2EE-6AD5-427A-A703-28047BE10C14}.Release|Any CPU.Build.0 = Release|Any CPU
		{39730973-DF0E-45E8-8CC5-7D90EC636A26}.Debug|Any CPU.ActiveCfg = Debug|Any CPU
		{39730973-DF0E-45E8-8CC5-7D90EC636A26}.Debug|Any CPU.Build.0 = Debug|Any CPU
		{39730973-DF0E-45E8-8CC5-7D90EC636A26}.Release|Any CPU.ActiveCfg = Release|Any CPU
		{39730973-DF0E-45E8-8CC5-7D90EC636A26}.Release|Any CPU.Build.0 = Release|Any CPU
		{CA65DCE7-D7CA-4FCA-97B3-3E971FB30DBC}.Debug|Any CPU.ActiveCfg = Debug|Any CPU
		{CA65DCE7-D7CA-4FCA-97B3-3E971FB30DBC}.Debug|Any CPU.Build.0 = Debug|Any CPU
		{CA65DCE7-D7CA-4FCA-97B3-3E971FB30DBC}.Release|Any CPU.ActiveCfg = Release|Any CPU
		{CA65DCE7-D7CA-4FCA-97B3-3E971FB30DBC}.Release|Any CPU.Build.0 = Release|Any CPU
	EndGlobalSection
	GlobalSection(SolutionProperties) = preSolution
		HideSolutionNode = FALSE
	EndGlobalSection
EndGlobal
